{
  "name": "amgas",
  "lockfileVersion": 3,
  "requires": true,
  "packages": {
    "": {
      "dependencies": {
        "framer-motion": "^12.23.21",
        "lenis": "^1.3.11"
      }
    },
    "node_modules/framer-motion": {
      "version": "12.23.21",
      "resolved": "https://registry.npmjs.org/framer-motion/-/framer-motion-12.23.21.tgz",
      "integrity": "sha512-UWDtzzPdRA3UpSNGril5HjUtPF1Uo/BCt5VKG/YQ8tVpSkAZ22+q8o+hYO0C1uDAZuotQjcfzsTsDtQxD46E/Q==",
      "license": "MIT",
      "dependencies": {
        "motion-dom": "^12.23.21",
        "motion-utils": "^12.23.6",
        "tslib": "^2.4.0"
      },
      "peerDependencies": {
        "@emotion/is-prop-valid": "*",
        "react": "^18.0.0 || ^19.0.0",
        "react-dom": "^18.0.0 || ^19.0.0"
      },
      "peerDependenciesMeta": {
        "@emotion/is-prop-valid": {
          "optional": true
        },
        "react": {
          "optional": true
        },
        "react-dom": {
          "optional": true
        }
      }
    },
    "node_modules/lenis": {
      "version": "1.3.11",
      "resolved": "https://registry.npmjs.org/lenis/-/lenis-1.3.11.tgz",
      "integrity": "sha512-lkyBnNTVwJzlupp+VL6LTn62WeT8WponuLpmTU0Z20cMwMsLLjqbSqwuA7I1yKSVWCBj/awo4jnFzOMOVCB8OQ==",
      "license": "MIT",
      "funding": {
        "type": "github",
        "url": "https://github.com/sponsors/darkroomengineering"
      },
      "peerDependencies": {
        "@nuxt/kit": ">=3.0.0",
        "react": ">=17.0.0",
        "vue": ">=3.0.0"
      },
      "peerDependenciesMeta": {
        "@nuxt/kit": {
          "optional": true
        },
        "react": {
          "optional": true
        },
        "vue": {
          "optional": true
        }
      }
    },
    "node_modules/motion-dom": {
      "version": "12.23.21",
      "resolved": "https://registry.npmjs.org/motion-dom/-/motion-dom-12.23.21.tgz",
      "integrity": "sha512-5xDXx/AbhrfgsQmSE7YESMn4Dpo6x5/DTZ4Iyy4xqDvVHWvFVoV+V2Ri2S/ksx+D40wrZ7gPYiMWshkdoqNgNQ==",
      "license": "MIT",
      "dependencies": {
        "motion-utils": "^12.23.6"
      }
    },
    "node_modules/motion-utils": {
      "version": "12.23.6",
      "resolved": "https://registry.npmjs.org/motion-utils/-/motion-utils-12.23.6.tgz",
      "integrity": "sha512-eAWoPgr4eFEOFfg2WjIsMoqJTW6Z8MTUCgn/GZ3VRpClWBdnbjryiA3ZSNLyxCTmCQx4RmYX6jX1iWHbenUPNQ==",
      "license": "MIT"
    },
    "node_modules/tslib": {
      "version": "2.8.1",
      "resolved": "https://registry.npmjs.org/tslib/-/tslib-2.8.1.tgz",
      "integrity": "sha512-oJFu94HQb+KVduSUQL7wnpmqnfmLsOA/nAh6b6EH0wCEoK0/mPeXU6c3wKDV83MkOuHPRHtSXKKU99IBazS/2w==",
      "license": "0BSD"
    }
  }
}
